
Microsoft Visual Studio Solution File, Format Version 12.00
# Visual Studio Version 17
VisualStudioVersion = 17.12.35506.116 d17.12
MinimumVisualStudioVersion = 10.0.40219.1
Project("{FAE04EC0-301F-11D3-BF4B-00C04F79EFBC}") = "Aspnet_Crud_EFcore", "Aspnet_Crud_EFcore.csproj", "{9BDC08F5-ED54-493C-BD17-7BA847236D0A}"
EndProject
Global
	GlobalSection(SolutionConfigurationPlatforms) = preSolution
		Debug|Any CPU = Debug|Any CPU
		Release|Any CPU = Release|Any CPU
	EndGlobalSection
	GlobalSection(ProjectConfigurationPlatforms) = postSolution
		{9BDC08F5-ED54-493C-BD17-7BA847236D0A}.Debug|Any CPU.ActiveCfg = Debug|Any CPU
		{9BDC08F5-ED54-493C-BD17-7BA847236D0A}.Debug|Any CPU.Build.0 = Debug|Any CPU
		{9BDC08F5-ED54-493C-BD17-7BA847236D0A}.Release|Any CPU.ActiveCfg = Release|Any CPU
		{9BDC08F5-ED54-493C-BD17-7BA847236D0A}.Release|Any CPU.Build.0 = Release|Any CPU
	EndGlobalSection
	GlobalSection(SolutionProperties) = preSolution
		HideSolutionNode = FALSE
	EndGlobalSection
EndGlobal
